
Microsoft Visual Studio Solution File, Format Version 12.00
# Visual Studio 15
VisualStudioVersion = 15.0.26730.10
MinimumVisualStudioVersion = 10.0.40219.1
Project("{FAE04EC0-301F-11D3-BF4B-00C04F79EFBC}") = "BloodDonationWebService", "BloodDonationWebService\BloodDonationWebService.csproj", "{FC01859C-BA4D-47F1-BE6B-0EC450B64C3F}"
EndProject
Global
	GlobalSection(SolutionConfigurationPlatforms) = preSolution
		Debug|Any CPU = Debug|Any CPU
		Release|Any CPU = Release|Any CPU
	EndGlobalSection
	GlobalSection(ProjectConfigurationPlatforms) = postSolution
		{FC01859C-BA4D-47F1-BE6B-0EC450B64C3F}.Debug|Any CPU.ActiveCfg = Debug|Any CPU
		{FC01859C-BA4D-47F1-BE6B-0EC450B64C3F}.Debug|Any CPU.Build.0 = Debug|Any CPU
		{FC01859C-BA4D-47F1-BE6B-0EC450B64C3F}.Release|Any CPU.ActiveCfg = Release|Any CPU
		{FC01859C-BA4D-47F1-BE6B-0EC450B64C3F}.Release|Any CPU.Build.0 = Release|Any CPU
	EndGlobalSection
	GlobalSection(SolutionProperties) = preSolution
		HideSolutionNode = FALSE
	EndGlobalSection
	GlobalSection(ExtensibilityGlobals) = postSolution
		SolutionGuid = {3EF3826D-5839-48B4-8A28-2DDA9941B703}
	EndGlobalSection
EndGlobal
